
Microsoft Visual Studio Solution File, Format Version 12.00
# Visual Studio Version 16
VisualStudioVersion = 16.0.29409.12
MinimumVisualStudioVersion = 10.0.40219.1
Project("{2150E333-8FDC-42A3-9474-1A3956D46DE8}") = "Documentation", "Documentation", "{B845D7DF-E69E-45A0-B777-EDC1441FDDAF}"
	ProjectSection(SolutionItems) = preProject
		ReadMe.md = ReadMe.md
	EndProjectSection
EndProject
Project("{2150E333-8FDC-42A3-9474-1A3956D46DE8}") = "Source", "Source", "{A3FFCCFD-B0F3-47CE-B3A4-97DB001C5F12}"
EndProject
Project("{2150E333-8FDC-42A3-9474-1A3956D46DE8}") = "Tests", "Tests", "{FD6B5AA9-62AD-4913-8464-68307FC02F5C}"
EndProject
Project("{9A19103F-16F7-4668-BE54-9A1E7A4F7556}") = "Morsley.UK.YearPlanner.MVC", "Source\Morsley.UK.YearPlanner.MVC\Morsley.UK.YearPlanner.MVC.csproj", "{B412E455-BD7D-44F9-B45D-78E24E0DEB6F}"
EndProject
Global
	GlobalSection(SolutionConfigurationPlatforms) = preSolution
		Debug|Any CPU = Debug|Any CPU
		Release|Any CPU = Release|Any CPU
	EndGlobalSection
	GlobalSection(ProjectConfigurationPlatforms) = postSolution
		{B412E455-BD7D-44F9-B45D-78E24E0DEB6F}.Debug|Any CPU.ActiveCfg = Debug|Any CPU
		{B412E455-BD7D-44F9-B45D-78E24E0DEB6F}.Debug|Any CPU.Build.0 = Debug|Any CPU
		{B412E455-BD7D-44F9-B45D-78E24E0DEB6F}.Release|Any CPU.ActiveCfg = Release|Any CPU
		{B412E455-BD7D-44F9-B45D-78E24E0DEB6F}.Release|Any CPU.Build.0 = Release|Any CPU
	EndGlobalSection
	GlobalSection(SolutionProperties) = preSolution
		HideSolutionNode = FALSE
	EndGlobalSection
	GlobalSection(NestedProjects) = preSolution
		{B412E455-BD7D-44F9-B45D-78E24E0DEB6F} = {A3FFCCFD-B0F3-47CE-B3A4-97DB001C5F12}
	EndGlobalSection
	GlobalSection(ExtensibilityGlobals) = postSolution
		SolutionGuid = {1A66B094-E510-419C-B933-0667479DA29C}
	EndGlobalSection
EndGlobal
